
Microsoft Visual Studio Solution File, Format Version 12.00
# Visual Studio Version 17
VisualStudioVersion = 17.10.34916.146
MinimumVisualStudioVersion = 10.0.40219.1
Project("{FAE04EC0-301F-11D3-BF4B-00C04F79EFBC}") = "Exercicio01", "Exercicio01\Exercicio01.csproj", "{A034867E-5916-436F-BAE3-6291C555C8C3}"
EndProject
Project("{FAE04EC0-301F-11D3-BF4B-00C04F79EFBC}") = "Exercicio02", "Exercicio02\Exercicio02.csproj", "{1236B63E-1F74-48ED-A8D7-282378D98B29}"
EndProject
Project("{FAE04EC0-301F-11D3-BF4B-00C04F79EFBC}") = "Exercicio03", "Exercicio03\Exercicio03.csproj", "{816B20D6-C6C3-46D2-B617-971F4062936E}"
EndProject
Project("{FAE04EC0-301F-11D3-BF4B-00C04F79EFBC}") = "Exercicio04", "Exercicio04\Exercicio04.csproj", "{0D81A511-7595-4C5E-B1AE-64B811BEA2F2}"
EndProject
Project("{FAE04EC0-301F-11D3-BF4B-00C04F79EFBC}") = "Exercicio05", "Exercicio05\Exercicio05.csproj", "{08C6A657-2516-4BBC-9B62-75359872291F}"
EndProject
Global
	GlobalSection(SolutionConfigurationPlatforms) = preSolution
		Debug|Any CPU = Debug|Any CPU
		Release|Any CPU = Release|Any CPU
	EndGlobalSection
	GlobalSection(ProjectConfigurationPlatforms) = postSolution
		{A034867E-5916-436F-BAE3-6291C555C8C3}.Debug|Any CPU.ActiveCfg = Debug|Any CPU
		{A034867E-5916-436F-BAE3-6291C555C8C3}.Debug|Any CPU.Build.0 = Debug|Any CPU
		{A034867E-5916-436F-BAE3-6291C555C8C3}.Release|Any CPU.ActiveCfg = Release|Any CPU
		{A034867E-5916-436F-BAE3-6291C555C8C3}.Release|Any CPU.Build.0 = Release|Any CPU
		{1236B63E-1F74-48ED-A8D7-282378D98B29}.Debug|Any CPU.ActiveCfg = Debug|Any CPU
		{1236B63E-1F74-48ED-A8D7-282378D98B29}.Debug|Any CPU.Build.0 = Debug|Any CPU
		{1236B63E-1F74-48ED-A8D7-282378D98B29}.Release|Any CPU.ActiveCfg = Release|Any CPU
		{1236B63E-1F74-48ED-A8D7-282378D98B29}.Release|Any CPU.Build.0 = Release|Any CPU
		{816B20D6-C6C3-46D2-B617-971F4062936E}.Debug|Any CPU.ActiveCfg = Debug|Any CPU
		{816B20D6-C6C3-46D2-B617-971F4062936E}.Debug|Any CPU.Build.0 = Debug|Any CPU
		{816B20D6-C6C3-46D2-B617-971F4062936E}.Release|Any CPU.ActiveCfg = Release|Any CPU
		{816B20D6-C6C3-46D2-B617-971F4062936E}.Release|Any CPU.Build.0 = Release|Any CPU
		{0D81A511-7595-4C5E-B1AE-64B811BEA2F2}.Debug|Any CPU.ActiveCfg = Debug|Any CPU
		{0D81A511-7595-4C5E-B1AE-64B811BEA2F2}.Debug|Any CPU.Build.0 = Debug|Any CPU
		{0D81A511-7595-4C5E-B1AE-64B811BEA2F2}.Release|Any CPU.ActiveCfg = Release|Any CPU
		{0D81A511-7595-4C5E-B1AE-64B811BEA2F2}.Release|Any CPU.Build.0 = Release|Any CPU
		{08C6A657-2516-4BBC-9B62-75359872291F}.Debug|Any CPU.ActiveCfg = Debug|Any CPU
		{08C6A657-2516-4BBC-9B62-75359872291F}.Debug|Any CPU.Build.0 = Debug|Any CPU
		{08C6A657-2516-4BBC-9B62-75359872291F}.Release|Any CPU.ActiveCfg = Release|Any CPU
		{08C6A657-2516-4BBC-9B62-75359872291F}.Release|Any CPU.Build.0 = Release|Any CPU
	EndGlobalSection
	GlobalSection(SolutionProperties) = preSolution
		HideSolutionNode = FALSE
	EndGlobalSection
	GlobalSection(ExtensibilityGlobals) = postSolution
		SolutionGuid = {A5F23DC9-EB27-4B5E-9B83-F2168C25171C}
	EndGlobalSection
EndGlobal
